// !$*UTF8*$!
{
	archiveVersion = 1;
	classes = {
	};
	objectVersion = 50;
	objects = {

/* Begin PBXBuildFile section */
		90A17B44229D59830027133B /* AppDelegate.swift in Sources */ = {isa = PBXBuildFile; fileRef = 90A17B43229D59830027133B /* AppDelegate.swift */; };
		90A17B46229D59830027133B /* ViewController.swift in Sources */ = {isa = PBXBuildFile; fileRef = 90A17B45229D59830027133B /* ViewController.swift */; };
		90A17B48229D59840027133B /* Assets.xcassets in Resources */ = {isa = PBXBuildFile; fileRef = 90A17B47229D59840027133B /* Assets.xcassets */; };
		90A17B4B229D59840027133B /* Main.storyboard in Resources */ = {isa = PBXBuildFile; fileRef = 90A17B49229D59840027133B /* Main.storyboard */; };
		90A17B61229D59A30027133B /* SwiftBoyKit.framework in Frameworks */ = {isa = PBXBuildFile; fileRef = 90A17B58229D59A20027133B /* SwiftBoyKit.framework */; };
		90A17B6A229D59A30027133B /* SwiftBoyKit.h in Headers */ = {isa = PBXBuildFile; fileRef = 90A17B5A229D59A20027133B /* SwiftBoyKit.h */; settings = {ATTRIBUTES = (Public, ); }; };
		90A17B6D229D59A30027133B /* SwiftBoyKit.framework in Frameworks */ = {isa = PBXBuildFile; fileRef = 90A17B58229D59A20027133B /* SwiftBoyKit.framework */; };
		90A17B6E229D59A30027133B /* SwiftBoyKit.framework in Embed Frameworks */ = {isa = PBXBuildFile; fileRef = 90A17B58229D59A20027133B /* SwiftBoyKit.framework */; settings = {ATTRIBUTES = (CodeSignOnCopy, RemoveHeadersOnCopy, ); }; };
		90A17B7D229D59B10027133B /* main.swift in Sources */ = {isa = PBXBuildFile; fileRef = 90A17B7C229D59B10027133B /* main.swift */; };
		90A17B90229D59D50027133B /* Cpu+Instructions.swift in Sources */ = {isa = PBXBuildFile; fileRef = 90A17B81229D59D40027133B /* Cpu+Instructions.swift */; };
		90A17B91229D59D50027133B /* Registers.swift in Sources */ = {isa = PBXBuildFile; fileRef = 90A17B82229D59D50027133B /* Registers.swift */; };
		90A17B92229D59D50027133B /* bootrom.swift in Sources */ = {isa = PBXBuildFile; fileRef = 90A17B83229D59D50027133B /* bootrom.swift */; };
		90A17B93229D59D50027133B /* UInt+radixFormat.swift in Sources */ = {isa = PBXBuildFile; fileRef = 90A17B84229D59D50027133B /* UInt+radixFormat.swift */; };
		90A17B94229D59D50027133B /* Memory.swift in Sources */ = {isa = PBXBuildFile; fileRef = 90A17B85229D59D50027133B /* Memory.swift */; };
		90A17B95229D59D50027133B /* CBPrefixedOpcodes.swift in Sources */ = {isa = PBXBuildFile; fileRef = 90A17B86229D59D50027133B /* CBPrefixedOpcodes.swift */; };
		90A17B96229D59D50027133B /* CpuDelegate.swift in Sources */ = {isa = PBXBuildFile; fileRef = 90A17B87229D59D50027133B /* CpuDelegate.swift */; };
		90A17B97229D59D50027133B /* Cpu+Debug.swift in Sources */ = {isa = PBXBuildFile; fileRef = 90A17B88229D59D50027133B /* Cpu+Debug.swift */; };
		90A17B98229D59D50027133B /* Cpu+ExecuteUnprefixed.swift in Sources */ = {isa = PBXBuildFile; fileRef = 90A17B89229D59D50027133B /* Cpu+ExecuteUnprefixed.swift */; };
		90A17B99229D59D50027133B /* Cpu+ExecutePrefixed.swift in Sources */ = {isa = PBXBuildFile; fileRef = 90A17B8A229D59D50027133B /* Cpu+ExecutePrefixed.swift */; };
		90A17B9A229D59D50027133B /* MemoryDelegate.swift in Sources */ = {isa = PBXBuildFile; fileRef = 90A17B8B229D59D50027133B /* MemoryDelegate.swift */; };
		90A17B9B229D59D50027133B /* UnprefixedOpcodes.swift in Sources */ = {isa = PBXBuildFile; fileRef = 90A17B8C229D59D50027133B /* UnprefixedOpcodes.swift */; };
		90A17B9C229D59D50027133B /* Array+subscript.swift in Sources */ = {isa = PBXBuildFile; fileRef = 90A17B8D229D59D50027133B /* Array+subscript.swift */; };
		90A17B9D229D59D50027133B /* Cpu.swift in Sources */ = {isa = PBXBuildFile; fileRef = 90A17B8E229D59D50027133B /* Cpu.swift */; };
		90A17B9E229D59D50027133B /* Opcode.swift in Sources */ = {isa = PBXBuildFile; fileRef = 90A17B8F229D59D50027133B /* Opcode.swift */; };
		90A17BA8229D59EE0027133B /* CpuRotateTests.swift in Sources */ = {isa = PBXBuildFile; fileRef = 90A17B9F229D59EE0027133B /* CpuRotateTests.swift */; };
		90A17BA9229D59EE0027133B /* CpuCallTests.swift in Sources */ = {isa = PBXBuildFile; fileRef = 90A17BA0229D59EE0027133B /* CpuCallTests.swift */; };
		90A17BAA229D59EE0027133B /* CpuShiftTests.swift in Sources */ = {isa = PBXBuildFile; fileRef = 90A17BA1229D59EE0027133B /* CpuShiftTests.swift */; };
		90A17BAB229D59EE0027133B /* CpuLogicTests.swift in Sources */ = {isa = PBXBuildFile; fileRef = 90A17BA2229D59EE0027133B /* CpuLogicTests.swift */; };
		90A17BAC229D59EE0027133B /* CpuBitTests.swift in Sources */ = {isa = PBXBuildFile; fileRef = 90A17BA3229D59EE0027133B /* CpuBitTests.swift */; };
		90A17BAD229D59EE0027133B /* CpuJumpTests.swift in Sources */ = {isa = PBXBuildFile; fileRef = 90A17BA4229D59EE0027133B /* CpuJumpTests.swift */; };
		90A17BAE229D59EE0027133B /* CpuArithmeticTests.swift in Sources */ = {isa = PBXBuildFile; fileRef = 90A17BA5229D59EE0027133B /* CpuArithmeticTests.swift */; };
		90A17BAF229D59EE0027133B /* CpuLdTests.swift in Sources */ = {isa = PBXBuildFile; fileRef = 90A17BA6229D59EE0027133B /* CpuLdTests.swift */; };
		90A17BB0229D59EE0027133B /* CpuOtherTests.swift in Sources */ = {isa = PBXBuildFile; fileRef = 90A17BA7229D59EE0027133B /* CpuOtherTests.swift */; };
		90A17BB7229D59FC0027133B /* OpenOpcodesFile.swift in Sources */ = {isa = PBXBuildFile; fileRef = 90A17BB1229D59FC0027133B /* OpenOpcodesFile.swift */; };
		90A17BB8229D59FC0027133B /* PrintOpcodes.swift in Sources */ = {isa = PBXBuildFile; fileRef = 90A17BB2229D59FC0027133B /* PrintOpcodes.swift */; };
		90A17BB9229D59FC0027133B /* Opcode.swift in Sources */ = {isa = PBXBuildFile; fileRef = 90A17BB3229D59FC0027133B /* Opcode.swift */; };
		90A17BBA229D59FC0027133B /* PrintExecuteUnprefixed.swift in Sources */ = {isa = PBXBuildFile; fileRef = 90A17BB4229D59FC0027133B /* PrintExecuteUnprefixed.swift */; };
		90A17BBB229D59FC0027133B /* PrintExecuteCBPrefixed.swift in Sources */ = {isa = PBXBuildFile; fileRef = 90A17BB6229D59FC0027133B /* PrintExecuteCBPrefixed.swift */; };
		90A17BBD229D5ABE0027133B /* Debug.swift in Sources */ = {isa = PBXBuildFile; fileRef = 90A17BBC229D5ABE0027133B /* Debug.swift */; };
/* End PBXBuildFile section */

/* Begin PBXContainerItemProxy section */
		90A17B62229D59A30027133B /* PBXContainerItemProxy */ = {
			isa = PBXContainerItemProxy;
			containerPortal = 90A17B38229D59830027133B /* Project object */;
			proxyType = 1;
			remoteGlobalIDString = 90A17B57229D59A20027133B;
			remoteInfo = SwiftBoyKit;
		};
		90A17B64229D59A30027133B /* PBXContainerItemProxy */ = {
			isa = PBXContainerItemProxy;
			containerPortal = 90A17B38229D59830027133B /* Project object */;
			proxyType = 1;
			remoteGlobalIDString = 90A17B3F229D59830027133B;
			remoteInfo = SwiftBoy;
		};
		90A17B6B229D59A30027133B /* PBXContainerItemProxy */ = {
			isa = PBXContainerItemProxy;
			containerPortal = 90A17B38229D59830027133B /* Project object */;
			proxyType = 1;
			remoteGlobalIDString = 90A17B57229D59A20027133B;
			remoteInfo = SwiftBoyKit;
		};
/* End PBXContainerItemProxy section */

/* Begin PBXCopyFilesBuildPhase section */
		90A17B72229D59A30027133B /* Embed Frameworks */ = {
			isa = PBXCopyFilesBuildPhase;
			buildActionMask = 2147483647;
			dstPath = "";
			dstSubfolderSpec = 10;
			files = (
				90A17B6E229D59A30027133B /* SwiftBoyKit.framework in Embed Frameworks */,
			);
			name = "Embed Frameworks";
			runOnlyForDeploymentPostprocessing = 0;
		};
		90A17B78229D59B10027133B /* CopyFiles */ = {
			isa = PBXCopyFilesBuildPhase;
			buildActionMask = 2147483647;
			dstPath = /usr/share/man/man1/;
			dstSubfolderSpec = 0;
			files = (
			);
			runOnlyForDeploymentPostprocessing = 1;
		};
/* End PBXCopyFilesBuildPhase section */

/* Begin PBXFileReference section */
		90A17B40229D59830027133B /* SwiftBoy.app */ = {isa = PBXFileReference; explicitFileType = wrapper.application; includeInIndex = 0; path = SwiftBoy.app; sourceTree = BUILT_PRODUCTS_DIR; };
		90A17B43229D59830027133B /* AppDelegate.swift */ = {isa = PBXFileReference; lastKnownFileType = sourcecode.swift; path = AppDelegate.swift; sourceTree = "<group>"; };
		90A17B45229D59830027133B /* ViewController.swift */ = {isa = PBXFileReference; lastKnownFileType = sourcecode.swift; path = ViewController.swift; sourceTree = "<group>"; };
		90A17B47229D59840027133B /* Assets.xcassets */ = {isa = PBXFileReference; lastKnownFileType = folder.assetcatalog; path = Assets.xcassets; sourceTree = "<group>"; };
		90A17B4A229D59840027133B /* Base */ = {isa = PBXFileReference; lastKnownFileType = file.storyboard; name = Base; path = Base.lproj/Main.storyboard; sourceTree = "<group>"; };
		90A17B4C229D59840027133B /* Info.plist */ = {isa = PBXFileReference; lastKnownFileType = text.plist.xml; path = Info.plist; sourceTree = "<group>"; };
		90A17B4D229D59840027133B /* SwiftBoy.entitlements */ = {isa = PBXFileReference; lastKnownFileType = text.plist.entitlements; path = SwiftBoy.entitlements; sourceTree = "<group>"; };
		90A17B58229D59A20027133B /* SwiftBoyKit.framework */ = {isa = PBXFileReference; explicitFileType = wrapper.framework; includeInIndex = 0; path = SwiftBoyKit.framework; sourceTree = BUILT_PRODUCTS_DIR; };
		90A17B5A229D59A20027133B /* SwiftBoyKit.h */ = {isa = PBXFileReference; lastKnownFileType = sourcecode.c.h; path = SwiftBoyKit.h; sourceTree = "<group>"; };
		90A17B5B229D59A20027133B /* Info.plist */ = {isa = PBXFileReference; lastKnownFileType = text.plist.xml; path = Info.plist; sourceTree = "<group>"; };
		90A17B60229D59A30027133B /* SwiftBoyKitTests.xctest */ = {isa = PBXFileReference; explicitFileType = wrapper.cfbundle; includeInIndex = 0; path = SwiftBoyKitTests.xctest; sourceTree = BUILT_PRODUCTS_DIR; };
		90A17B69229D59A30027133B /* Info.plist */ = {isa = PBXFileReference; lastKnownFileType = text.plist.xml; path = Info.plist; sourceTree = "<group>"; };
		90A17B7A229D59B10027133B /* CodeGen */ = {isa = PBXFileReference; explicitFileType = "compiled.mach-o.executable"; includeInIndex = 0; path = CodeGen; sourceTree = BUILT_PRODUCTS_DIR; };
		90A17B7C229D59B10027133B /* main.swift */ = {isa = PBXFileReference; lastKnownFileType = sourcecode.swift; path = main.swift; sourceTree = "<group>"; };
		90A17B81229D59D40027133B /* Cpu+Instructions.swift */ = {isa = PBXFileReference; fileEncoding = 4; lastKnownFileType = sourcecode.swift; path = "Cpu+Instructions.swift"; sourceTree = "<group>"; };
		90A17B82229D59D50027133B /* Registers.swift */ = {isa = PBXFileReference; fileEncoding = 4; lastKnownFileType = sourcecode.swift; path = Registers.swift; sourceTree = "<group>"; };
		90A17B83229D59D50027133B /* bootrom.swift */ = {isa = PBXFileReference; fileEncoding = 4; lastKnownFileType = sourcecode.swift; path = bootrom.swift; sourceTree = "<group>"; };
		90A17B84229D59D50027133B /* UInt+radixFormat.swift */ = {isa = PBXFileReference; fileEncoding = 4; lastKnownFileType = sourcecode.swift; path = "UInt+radixFormat.swift"; sourceTree = "<group>"; };
		90A17B85229D59D50027133B /* Memory.swift */ = {isa = PBXFileReference; fileEncoding = 4; lastKnownFileType = sourcecode.swift; path = Memory.swift; sourceTree = "<group>"; };
		90A17B86229D59D50027133B /* CBPrefixedOpcodes.swift */ = {isa = PBXFileReference; fileEncoding = 4; lastKnownFileType = sourcecode.swift; path = CBPrefixedOpcodes.swift; sourceTree = "<group>"; };
		90A17B87229D59D50027133B /* CpuDelegate.swift */ = {isa = PBXFileReference; fileEncoding = 4; lastKnownFileType = sourcecode.swift; path = CpuDelegate.swift; sourceTree = "<group>"; };
		90A17B88229D59D50027133B /* Cpu+Debug.swift */ = {isa = PBXFileReference; fileEncoding = 4; lastKnownFileType = sourcecode.swift; path = "Cpu+Debug.swift"; sourceTree = "<group>"; };
		90A17B89229D59D50027133B /* Cpu+ExecuteUnprefixed.swift */ = {isa = PBXFileReference; fileEncoding = 4; lastKnownFileType = sourcecode.swift; path = "Cpu+ExecuteUnprefixed.swift"; sourceTree = "<group>"; };
		90A17B8A229D59D50027133B /* Cpu+ExecutePrefixed.swift */ = {isa = PBXFileReference; fileEncoding = 4; lastKnownFileType = sourcecode.swift; path = "Cpu+ExecutePrefixed.swift"; sourceTree = "<group>"; };
		90A17B8B229D59D50027133B /* MemoryDelegate.swift */ = {isa = PBXFileReference; fileEncoding = 4; lastKnownFileType = sourcecode.swift; path = MemoryDelegate.swift; sourceTree = "<group>"; };
		90A17B8C229D59D50027133B /* UnprefixedOpcodes.swift */ = {isa = PBXFileReference; fileEncoding = 4; lastKnownFileType = sourcecode.swift; path = UnprefixedOpcodes.swift; sourceTree = "<group>"; };
		90A17B8D229D59D50027133B /* Array+subscript.swift */ = {isa = PBXFileReference; fileEncoding = 4; lastKnownFileType = sourcecode.swift; path = "Array+subscript.swift"; sourceTree = "<group>"; };
		90A17B8E229D59D50027133B /* Cpu.swift */ = {isa = PBXFileReference; fileEncoding = 4; lastKnownFileType = sourcecode.swift; path = Cpu.swift; sourceTree = "<group>"; };
		90A17B8F229D59D50027133B /* Opcode.swift */ = {isa = PBXFileReference; fileEncoding = 4; lastKnownFileType = sourcecode.swift; path = Opcode.swift; sourceTree = "<group>"; };
		90A17B9F229D59EE0027133B /* CpuRotateTests.swift */ = {isa = PBXFileReference; fileEncoding = 4; lastKnownFileType = sourcecode.swift; path = CpuRotateTests.swift; sourceTree = "<group>"; };
		90A17BA0229D59EE0027133B /* CpuCallTests.swift */ = {isa = PBXFileReference; fileEncoding = 4; lastKnownFileType = sourcecode.swift; path = CpuCallTests.swift; sourceTree = "<group>"; };
		90A17BA1229D59EE0027133B /* CpuShiftTests.swift */ = {isa = PBXFileReference; fileEncoding = 4; lastKnownFileType = sourcecode.swift; path = CpuShiftTests.swift; sourceTree = "<group>"; };
		90A17BA2229D59EE0027133B /* CpuLogicTests.swift */ = {isa = PBXFileReference; fileEncoding = 4; lastKnownFileType = sourcecode.swift; path = CpuLogicTests.swift; sourceTree = "<group>"; };
		90A17BA3229D59EE0027133B /* CpuBitTests.swift */ = {isa = PBXFileReference; fileEncoding = 4; lastKnownFileType = sourcecode.swift; path = CpuBitTests.swift; sourceTree = "<group>"; };
		90A17BA4229D59EE0027133B /* CpuJumpTests.swift */ = {isa = PBXFileReference; fileEncoding = 4; lastKnownFileType = sourcecode.swift; path = CpuJumpTests.swift; sourceTree = "<group>"; };
		90A17BA5229D59EE0027133B /* CpuArithmeticTests.swift */ = {isa = PBXFileReference; fileEncoding = 4; lastKnownFileType = sourcecode.swift; path = CpuArithmeticTests.swift; sourceTree = "<group>"; };
		90A17BA6229D59EE0027133B /* CpuLdTests.swift */ = {isa = PBXFileReference; fileEncoding = 4; lastKnownFileType = sourcecode.swift; path = CpuLdTests.swift; sourceTree = "<group>"; };
		90A17BA7229D59EE0027133B /* CpuOtherTests.swift */ = {isa = PBXFileReference; fileEncoding = 4; lastKnownFileType = sourcecode.swift; path = CpuOtherTests.swift; sourceTree = "<group>"; };
		90A17BB1229D59FC0027133B /* OpenOpcodesFile.swift */ = {isa = PBXFileReference; fileEncoding = 4; lastKnownFileType = sourcecode.swift; path = OpenOpcodesFile.swift; sourceTree = "<group>"; };
		90A17BB2229D59FC0027133B /* PrintOpcodes.swift */ = {isa = PBXFileReference; fileEncoding = 4; lastKnownFileType = sourcecode.swift; path = PrintOpcodes.swift; sourceTree = "<group>"; };
		90A17BB3229D59FC0027133B /* Opcode.swift */ = {isa = PBXFileReference; fileEncoding = 4; lastKnownFileType = sourcecode.swift; path = Opcode.swift; sourceTree = "<group>"; };
		90A17BB4229D59FC0027133B /* PrintExecuteUnprefixed.swift */ = {isa = PBXFileReference; fileEncoding = 4; lastKnownFileType = sourcecode.swift; path = PrintExecuteUnprefixed.swift; sourceTree = "<group>"; };
		90A17BB5229D59FC0027133B /* opcodes.json */ = {isa = PBXFileReference; fileEncoding = 4; lastKnownFileType = text.json; path = opcodes.json; sourceTree = "<group>"; };
		90A17BB6229D59FC0027133B /* PrintExecuteCBPrefixed.swift */ = {isa = PBXFileReference; fileEncoding = 4; lastKnownFileType = sourcecode.swift; path = PrintExecuteCBPrefixed.swift; sourceTree = "<group>"; };
		90A17BBC229D5ABE0027133B /* Debug.swift */ = {isa = PBXFileReference; lastKnownFileType = sourcecode.swift; path = Debug.swift; sourceTree = "<group>"; };
/* End PBXFileReference section */

/* Begin PBXFrameworksBuildPhase section */
		90A17B3D229D59830027133B /* Frameworks */ = {
			isa = PBXFrameworksBuildPhase;
			buildActionMask = 2147483647;
			files = (
				90A17B6D229D59A30027133B /* SwiftBoyKit.framework in Frameworks */,
			);
			runOnlyForDeploymentPostprocessing = 0;
		};
		90A17B55229D59A20027133B /* Frameworks */ = {
			isa = PBXFrameworksBuildPhase;
			buildActionMask = 2147483647;
			files = (
			);
			runOnlyForDeploymentPostprocessing = 0;
		};
		90A17B5D229D59A30027133B /* Frameworks */ = {
			isa = PBXFrameworksBuildPhase;
			buildActionMask = 2147483647;
			files = (
				90A17B61229D59A30027133B /* SwiftBoyKit.framework in Frameworks */,
			);
			runOnlyForDeploymentPostprocessing = 0;
		};
		90A17B77229D59B10027133B /* Frameworks */ = {
			isa = PBXFrameworksBuildPhase;
			buildActionMask = 2147483647;
			files = (
			);
			runOnlyForDeploymentPostprocessing = 0;
		};
/* End PBXFrameworksBuildPhase section */

/* Begin PBXGroup section */
		90A17B37229D59830027133B = {
			isa = PBXGroup;
			children = (
				90A17B42229D59830027133B /* SwiftBoy */,
				90A17B59229D59A20027133B /* SwiftBoyKit */,
				90A17B66229D59A30027133B /* SwiftBoyKitTests */,
				90A17B7B229D59B10027133B /* CodeGen */,
				90A17B41229D59830027133B /* Products */,
			);
			sourceTree = "<group>";
		};
		90A17B41229D59830027133B /* Products */ = {
			isa = PBXGroup;
			children = (
				90A17B40229D59830027133B /* SwiftBoy.app */,
				90A17B58229D59A20027133B /* SwiftBoyKit.framework */,
				90A17B60229D59A30027133B /* SwiftBoyKitTests.xctest */,
				90A17B7A229D59B10027133B /* CodeGen */,
			);
			name = Products;
			sourceTree = "<group>";
		};
		90A17B42229D59830027133B /* SwiftBoy */ = {
			isa = PBXGroup;
			children = (
				90A17B43229D59830027133B /* AppDelegate.swift */,
				90A17B45229D59830027133B /* ViewController.swift */,
				90A17BBC229D5ABE0027133B /* Debug.swift */,
				90A17B47229D59840027133B /* Assets.xcassets */,
				90A17B49229D59840027133B /* Main.storyboard */,
				90A17B4C229D59840027133B /* Info.plist */,
				90A17B4D229D59840027133B /* SwiftBoy.entitlements */,
			);
			path = SwiftBoy;
			sourceTree = "<group>";
		};
		90A17B59229D59A20027133B /* SwiftBoyKit */ = {
			isa = PBXGroup;
			children = (
				90A17BBE229D5B710027133B /* Tests */,
				90A17B8D229D59D50027133B /* Array+subscript.swift */,
				90A17B83229D59D50027133B /* bootrom.swift */,
				90A17B86229D59D50027133B /* CBPrefixedOpcodes.swift */,
				90A17B8E229D59D50027133B /* Cpu.swift */,
				90A17B88229D59D50027133B /* Cpu+Debug.swift */,
				90A17B8A229D59D50027133B /* Cpu+ExecutePrefixed.swift */,
				90A17B89229D59D50027133B /* Cpu+ExecuteUnprefixed.swift */,
				90A17B81229D59D40027133B /* Cpu+Instructions.swift */,
				90A17B87229D59D50027133B /* CpuDelegate.swift */,
				90A17B85229D59D50027133B /* Memory.swift */,
				90A17B8B229D59D50027133B /* MemoryDelegate.swift */,
				90A17B8F229D59D50027133B /* Opcode.swift */,
				90A17B82229D59D50027133B /* Registers.swift */,
				90A17B84229D59D50027133B /* UInt+radixFormat.swift */,
				90A17B8C229D59D50027133B /* UnprefixedOpcodes.swift */,
				90A17B5A229D59A20027133B /* SwiftBoyKit.h */,
				90A17B5B229D59A20027133B /* Info.plist */,
			);
			path = SwiftBoyKit;
			sourceTree = "<group>";
		};
		90A17B66229D59A30027133B /* SwiftBoyKitTests */ = {
			isa = PBXGroup;
			children = (
				90A17B69229D59A30027133B /* Info.plist */,
			);
			path = SwiftBoyKitTests;
			sourceTree = "<group>";
		};
		90A17B7B229D59B10027133B /* CodeGen */ = {
			isa = PBXGroup;
			children = (
				90A17BB5229D59FC0027133B /* opcodes.json */,
				90A17BB3229D59FC0027133B /* Opcode.swift */,
				90A17BB1229D59FC0027133B /* OpenOpcodesFile.swift */,
				90A17BB2229D59FC0027133B /* PrintOpcodes.swift */,
				90A17BB6229D59FC0027133B /* PrintExecuteCBPrefixed.swift */,
				90A17BB4229D59FC0027133B /* PrintExecuteUnprefixed.swift */,
				90A17B7C229D59B10027133B /* main.swift */,
			);
			path = CodeGen;
			sourceTree = "<group>";
		};
		90A17BBE229D5B710027133B /* Tests */ = {
			isa = PBXGroup;
			children = (
				90A17BA5229D59EE0027133B /* CpuArithmeticTests.swift */,
				90A17BA3229D59EE0027133B /* CpuBitTests.swift */,
				90A17BA0229D59EE0027133B /* CpuCallTests.swift */,
				90A17BA4229D59EE0027133B /* CpuJumpTests.swift */,
				90A17BA6229D59EE0027133B /* CpuLdTests.swift */,
				90A17BA2229D59EE0027133B /* CpuLogicTests.swift */,
				90A17BA7229D59EE0027133B /* CpuOtherTests.swift */,
				90A17B9F229D59EE0027133B /* CpuRotateTests.swift */,
				90A17BA1229D59EE0027133B /* CpuShiftTests.swift */,
			);
			path = Tests;
			sourceTree = "<group>";
		};
/* End PBXGroup section */

/* Begin PBXHeadersBuildPhase section */
		90A17B53229D59A20027133B /* Headers */ = {
			isa = PBXHeadersBuildPhase;
			buildActionMask = 2147483647;
			files = (
				90A17B6A229D59A30027133B /* SwiftBoyKit.h in Headers */,
			);
			runOnlyForDeploymentPostprocessing = 0;
		};
/* End PBXHeadersBuildPhase section */

/* Begin PBXNativeTarget section */
		90A17B3F229D59830027133B /* SwiftBoy */ = {
			isa = PBXNativeTarget;
			buildConfigurationList = 90A17B50229D59840027133B /* Build configuration list for PBXNativeTarget "SwiftBoy" */;
			buildPhases = (
				90A17B3C229D59830027133B /* Sources */,
				90A17B3D229D59830027133B /* Frameworks */,
				90A17B3E229D59830027133B /* Resources */,
				90A17B72229D59A30027133B /* Embed Frameworks */,
			);
			buildRules = (
			);
			dependencies = (
				90A17B6C229D59A30027133B /* PBXTargetDependency */,
			);
			name = SwiftBoy;
			productName = SwiftBoy;
			productReference = 90A17B40229D59830027133B /* SwiftBoy.app */;
			productType = "com.apple.product-type.application";
		};
		90A17B57229D59A20027133B /* SwiftBoyKit */ = {
			isa = PBXNativeTarget;
			buildConfigurationList = 90A17B6F229D59A30027133B /* Build configuration list for PBXNativeTarget "SwiftBoyKit" */;
			buildPhases = (
				90A17B53229D59A20027133B /* Headers */,
				90A17B54229D59A20027133B /* Sources */,
				90A17B55229D59A20027133B /* Frameworks */,
				90A17B56229D59A20027133B /* Resources */,
			);
			buildRules = (
			);
			dependencies = (
			);
			name = SwiftBoyKit;
			productName = SwiftBoyKit;
			productReference = 90A17B58229D59A20027133B /* SwiftBoyKit.framework */;
			productType = "com.apple.product-type.framework";
		};
		90A17B5F229D59A30027133B /* SwiftBoyKitTests */ = {
			isa = PBXNativeTarget;
			buildConfigurationList = 90A17B73229D59A30027133B /* Build configuration list for PBXNativeTarget "SwiftBoyKitTests" */;
			buildPhases = (
				90A17B5C229D59A30027133B /* Sources */,
				90A17B5D229D59A30027133B /* Frameworks */,
				90A17B5E229D59A30027133B /* Resources */,
			);
			buildRules = (
			);
			dependencies = (
				90A17B63229D59A30027133B /* PBXTargetDependency */,
				90A17B65229D59A30027133B /* PBXTargetDependency */,
			);
			name = SwiftBoyKitTests;
			productName = SwiftBoyKitTests;
			productReference = 90A17B60229D59A30027133B /* SwiftBoyKitTests.xctest */;
			productType = "com.apple.product-type.bundle.unit-test";
		};
		90A17B79229D59B10027133B /* CodeGen */ = {
			isa = PBXNativeTarget;
			buildConfigurationList = 90A17B7E229D59B10027133B /* Build configuration list for PBXNativeTarget "CodeGen" */;
			buildPhases = (
				90A17B76229D59B10027133B /* Sources */,
				90A17B77229D59B10027133B /* Frameworks */,
				90A17B78229D59B10027133B /* CopyFiles */,
			);
			buildRules = (
			);
			dependencies = (
			);
			name = CodeGen;
			productName = CodeGen;
			productReference = 90A17B7A229D59B10027133B /* CodeGen */;
			productType = "com.apple.product-type.tool";
		};
/* End PBXNativeTarget section */

/* Begin PBXProject section */
		90A17B38229D59830027133B /* Project object */ = {
			isa = PBXProject;
			attributes = {
				LastSwiftUpdateCheck = 1020;
				LastUpgradeCheck = 1020;
				ORGANIZATIONNAME = NoPoint;
				TargetAttributes = {
					90A17B3F229D59830027133B = {
						CreatedOnToolsVersion = 10.2.1;
					};
					90A17B57229D59A20027133B = {
						CreatedOnToolsVersion = 10.2.1;
						LastSwiftMigration = 1020;
					};
					90A17B5F229D59A30027133B = {
						CreatedOnToolsVersion = 10.2.1;
						TestTargetID = 90A17B3F229D59830027133B;
					};
					90A17B79229D59B10027133B = {
						CreatedOnToolsVersion = 10.2.1;
					};
				};
			};
			buildConfigurationList = 90A17B3B229D59830027133B /* Build configuration list for PBXProject "SwiftBoy" */;
			compatibilityVersion = "Xcode 9.3";
			developmentRegion = en;
			hasScannedForEncodings = 0;
			knownRegions = (
				en,
				Base,
			);
			mainGroup = 90A17B37229D59830027133B;
			productRefGroup = 90A17B41229D59830027133B /* Products */;
			projectDirPath = "";
			projectRoot = "";
			targets = (
				90A17B3F229D59830027133B /* SwiftBoy */,
				90A17B57229D59A20027133B /* SwiftBoyKit */,
				90A17B5F229D59A30027133B /* SwiftBoyKitTests */,
				90A17B79229D59B10027133B /* CodeGen */,
			);
		};
/* End PBXProject section */

/* Begin PBXResourcesBuildPhase section */
		90A17B3E229D59830027133B /* Resources */ = {
			isa = PBXResourcesBuildPhase;
			buildActionMask = 2147483647;
			files = (
				90A17B48229D59840027133B /* Assets.xcassets in Resources */,
				90A17B4B229D59840027133B /* Main.storyboard in Resources */,
			);
			runOnlyForDeploymentPostprocessing = 0;
		};
		90A17B56229D59A20027133B /* Resources */ = {
			isa = PBXResourcesBuildPhase;
			buildActionMask = 2147483647;
			files = (
			);
			runOnlyForDeploymentPostprocessing = 0;
		};
		90A17B5E229D59A30027133B /* Resources */ = {
			isa = PBXResourcesBuildPhase;
			buildActionMask = 2147483647;
			files = (
			);
			runOnlyForDeploymentPostprocessing = 0;
		};
/* End PBXResourcesBuildPhase section */

/* Begin PBXSourcesBuildPhase section */
		90A17B3C229D59830027133B /* Sources */ = {
			isa = PBXSourcesBuildPhase;
			buildActionMask = 2147483647;
			files = (
				90A17B46229D59830027133B /* ViewController.swift in Sources */,
				90A17BBD229D5ABE0027133B /* Debug.swift in Sources */,
				90A17B44229D59830027133B /* AppDelegate.swift in Sources */,
			);
			runOnlyForDeploymentPostprocessing = 0;
		};
		90A17B54229D59A20027133B /* Sources */ = {
			isa = PBXSourcesBuildPhase;
			buildActionMask = 2147483647;
			files = (
				90A17B9E229D59D50027133B /* Opcode.swift in Sources */,
				90A17B96229D59D50027133B /* CpuDelegate.swift in Sources */,
				90A17B91229D59D50027133B /* Registers.swift in Sources */,
				90A17B93229D59D50027133B /* UInt+radixFormat.swift in Sources */,
				90A17B99229D59D50027133B /* Cpu+ExecutePrefixed.swift in Sources */,
				90A17B98229D59D50027133B /* Cpu+ExecuteUnprefixed.swift in Sources */,
				90A17B9B229D59D50027133B /* UnprefixedOpcodes.swift in Sources */,
				90A17B90229D59D50027133B /* Cpu+Instructions.swift in Sources */,
				90A17B9A229D59D50027133B /* MemoryDelegate.swift in Sources */,
				90A17B9D229D59D50027133B /* Cpu.swift in Sources */,
				90A17B9C229D59D50027133B /* Array+subscript.swift in Sources */,
				90A17B97229D59D50027133B /* Cpu+Debug.swift in Sources */,
				90A17B94229D59D50027133B /* Memory.swift in Sources */,
				90A17B92229D59D50027133B /* bootrom.swift in Sources */,
				90A17B95229D59D50027133B /* CBPrefixedOpcodes.swift in Sources */,
			);
			runOnlyForDeploymentPostprocessing = 0;
		};
		90A17B5C229D59A30027133B /* Sources */ = {
			isa = PBXSourcesBuildPhase;
			buildActionMask = 2147483647;
			files = (
				90A17BAE229D59EE0027133B /* CpuArithmeticTests.swift in Sources */,
				90A17BAD229D59EE0027133B /* CpuJumpTests.swift in Sources */,
				90A17BA9229D59EE0027133B /* CpuCallTests.swift in Sources */,
				90A17BA8229D59EE0027133B /* CpuRotateTests.swift in Sources */,
				90A17BAA229D59EE0027133B /* CpuShiftTests.swift in Sources */,
				90A17BAC229D59EE0027133B /* CpuBitTests.swift in Sources */,
				90A17BB0229D59EE0027133B /* CpuOtherTests.swift in Sources */,
				90A17BAB229D59EE0027133B /* CpuLogicTests.swift in Sources */,
				90A17BAF229D59EE0027133B /* CpuLdTests.swift in Sources */,
			);
			runOnlyForDeploymentPostprocessing = 0;
		};
		90A17B76229D59B10027133B /* Sources */ = {
			isa = PBXSourcesBuildPhase;
			buildActionMask = 2147483647;
			files = (
				90A17B7D229D59B10027133B /* main.swift in Sources */,
				90A17BBB229D59FC0027133B /* PrintExecuteCBPrefixed.swift in Sources */,
				90A17BBA229D59FC0027133B /* PrintExecuteUnprefixed.swift in Sources */,
				90A17BB9229D59FC0027133B /* Opcode.swift in Sources */,
				90A17BB8229D59FC0027133B /* PrintOpcodes.swift in Sources */,
				90A17BB7229D59FC0027133B /* OpenOpcodesFile.swift in Sources */,
			);
			runOnlyForDeploymentPostprocessing = 0;
		};
/* End PBXSourcesBuildPhase section */

/* Begin PBXTargetDependency section */
		90A17B63229D59A30027133B /* PBXTargetDependency */ = {
			isa = PBXTargetDependency;
			target = 90A17B57229D59A20027133B /* SwiftBoyKit */;
			targetProxy = 90A17B62229D59A30027133B /* PBXContainerItemProxy */;
		};
		90A17B65229D59A30027133B /* PBXTargetDependency */ = {
			isa = PBXTargetDependency;
			target = 90A17B3F229D59830027133B /* SwiftBoy */;
			targetProxy = 90A17B64229D59A30027133B /* PBXContainerItemProxy */;
		};
		90A17B6C229D59A30027133B /* PBXTargetDependency */ = {
			isa = PBXTargetDependency;
			target = 90A17B57229D59A20027133B /* SwiftBoyKit */;
			targetProxy = 90A17B6B229D59A30027133B /* PBXContainerItemProxy */;
		};
/* End PBXTargetDependency section */

/* Begin PBXVariantGroup section */
		90A17B49229D59840027133B /* Main.storyboard */ = {
			isa = PBXVariantGroup;
			children = (
				90A17B4A229D59840027133B /* Base */,
			);
			name = Main.storyboard;
			sourceTree = "<group>";
		};
/* End PBXVariantGroup section */

/* Begin XCBuildConfiguration section */
		90A17B4E229D59840027133B /* Debug */ = {
			isa = XCBuildConfiguration;
			buildSettings = {
				ALWAYS_SEARCH_USER_PATHS = NO;
				CLANG_ANALYZER_NONNULL = YES;
				CLANG_ANALYZER_NUMBER_OBJECT_CONVERSION = YES_AGGRESSIVE;
				CLANG_CXX_LANGUAGE_STANDARD = "gnu++14";
				CLANG_CXX_LIBRARY = "libc++";
				CLANG_ENABLE_MODULES = YES;
				CLANG_ENABLE_OBJC_ARC = YES;
				CLANG_ENABLE_OBJC_WEAK = YES;
				CLANG_WARN_BLOCK_CAPTURE_AUTORELEASING = YES;
				CLANG_WARN_BOOL_CONVERSION = YES;
				CLANG_WARN_COMMA = YES;
				CLANG_WARN_CONSTANT_CONVERSION = YES;
				CLANG_WARN_DEPRECATED_OBJC_IMPLEMENTATIONS = YES;
				CLANG_WARN_DIRECT_OBJC_ISA_USAGE = YES_ERROR;
				CLANG_WARN_DOCUMENTATION_COMMENTS = YES;
				CLANG_WARN_EMPTY_BODY = YES;
				CLANG_WARN_ENUM_CONVERSION = YES;
				CLANG_WARN_INFINITE_RECURSION = YES;
				CLANG_WARN_INT_CONVERSION = YES;
				CLANG_WARN_NON_LITERAL_NULL_CONVERSION = YES;
				CLANG_WARN_OBJC_IMPLICIT_RETAIN_SELF = YES;
				CLANG_WARN_OBJC_LITERAL_CONVERSION = YES;
				CLANG_WARN_OBJC_ROOT_CLASS = YES_ERROR;
				CLANG_WARN_RANGE_LOOP_ANALYSIS = YES;
				CLANG_WARN_STRICT_PROTOTYPES = YES;
				CLANG_WARN_SUSPICIOUS_MOVE = YES;
				CLANG_WARN_UNGUARDED_AVAILABILITY = YES_AGGRESSIVE;
				CLANG_WARN_UNREACHABLE_CODE = YES;
				CLANG_WARN__DUPLICATE_METHOD_MATCH = YES;
				CODE_SIGN_IDENTITY = "Mac Developer";
				COPY_PHASE_STRIP = NO;
				DEBUG_INFORMATION_FORMAT = dwarf;
				ENABLE_STRICT_OBJC_MSGSEND = YES;
				ENABLE_TESTABILITY = YES;
				GCC_C_LANGUAGE_STANDARD = gnu11;
				GCC_DYNAMIC_NO_PIC = NO;
				GCC_NO_COMMON_BLOCKS = YES;
				GCC_OPTIMIZATION_LEVEL = 0;
				GCC_PREPROCESSOR_DEFINITIONS = (
					"DEBUG=1",
					"$(inherited)",
				);
				GCC_WARN_64_TO_32_BIT_CONVERSION = YES;
				GCC_WARN_ABOUT_RETURN_TYPE = YES_ERROR;
				GCC_WARN_UNDECLARED_SELECTOR = YES;
				GCC_WARN_UNINITIALIZED_AUTOS = YES_AGGRESSIVE;
				GCC_WARN_UNUSED_FUNCTION = YES;
				GCC_WARN_UNUSED_VARIABLE = YES;
				MACOSX_DEPLOYMENT_TARGET = 10.14;
				MTL_ENABLE_DEBUG_INFO = INCLUDE_SOURCE;
				MTL_FAST_MATH = YES;
				ONLY_ACTIVE_ARCH = YES;
				SDKROOT = macosx;
				SWIFT_ACTIVE_COMPILATION_CONDITIONS = DEBUG;
				SWIFT_OPTIMIZATION_LEVEL = "-Onone";
			};
			name = Debug;
		};
		90A17B4F229D59840027133B /* Release */ = {
			isa = XCBuildConfiguration;
			buildSettings = {
				ALWAYS_SEARCH_USER_PATHS = NO;
				CLANG_ANALYZER_NONNULL = YES;
				CLANG_ANALYZER_NUMBER_OBJECT_CONVERSION = YES_AGGRESSIVE;
				CLANG_CXX_LANGUAGE_STANDARD = "gnu++14";
				CLANG_CXX_LIBRARY = "libc++";
				CLANG_ENABLE_MODULES = YES;
				CLANG_ENABLE_OBJC_ARC = YES;
				CLANG_ENABLE_OBJC_WEAK = YES;
				CLANG_WARN_BLOCK_CAPTURE_AUTORELEASING = YES;
				CLANG_WARN_BOOL_CONVERSION = YES;
				CLANG_WARN_COMMA = YES;
				CLANG_WARN_CONSTANT_CONVERSION = YES;
				CLANG_WARN_DEPRECATED_OBJC_IMPLEMENTATIONS = YES;
				CLANG_WARN_DIRECT_OBJC_ISA_USAGE = YES_ERROR;
				CLANG_WARN_DOCUMENTATION_COMMENTS = YES;
				CLANG_WARN_EMPTY_BODY = YES;
				CLANG_WARN_ENUM_CONVERSION = YES;
				CLANG_WARN_INFINITE_RECURSION = YES;
				CLANG_WARN_INT_CONVERSION = YES;
				CLANG_WARN_NON_LITERAL_NULL_CONVERSION = YES;
				CLANG_WARN_OBJC_IMPLICIT_RETAIN_SELF = YES;
				CLANG_WARN_OBJC_LITERAL_CONVERSION = YES;
				CLANG_WARN_OBJC_ROOT_CLASS = YES_ERROR;
				CLANG_WARN_RANGE_LOOP_ANALYSIS = YES;
				CLANG_WARN_STRICT_PROTOTYPES = YES;
				CLANG_WARN_SUSPICIOUS_MOVE = YES;
				CLANG_WARN_UNGUARDED_AVAILABILITY = YES_AGGRESSIVE;
				CLANG_WARN_UNREACHABLE_CODE = YES;
				CLANG_WARN__DUPLICATE_METHOD_MATCH = YES;
				CODE_SIGN_IDENTITY = "Mac Developer";
				COPY_PHASE_STRIP = NO;
				DEBUG_INFORMATION_FORMAT = "dwarf-with-dsym";
				ENABLE_NS_ASSERTIONS = NO;
				ENABLE_STRICT_OBJC_MSGSEND = YES;
				GCC_C_LANGUAGE_STANDARD = gnu11;
				GCC_NO_COMMON_BLOCKS = YES;
				GCC_WARN_64_TO_32_BIT_CONVERSION = YES;
				GCC_WARN_ABOUT_RETURN_TYPE = YES_ERROR;
				GCC_WARN_UNDECLARED_SELECTOR = YES;
				GCC_WARN_UNINITIALIZED_AUTOS = YES_AGGRESSIVE;
				GCC_WARN_UNUSED_FUNCTION = YES;
				GCC_WARN_UNUSED_VARIABLE = YES;
				MACOSX_DEPLOYMENT_TARGET = 10.14;
				MTL_ENABLE_DEBUG_INFO = NO;
				MTL_FAST_MATH = YES;
				SDKROOT = macosx;
				SWIFT_COMPILATION_MODE = wholemodule;
				SWIFT_OPTIMIZATION_LEVEL = "-O";
			};
			name = Release;
		};
		90A17B51229D59840027133B /* Debug */ = {
			isa = XCBuildConfiguration;
			buildSettings = {
				ALWAYS_EMBED_SWIFT_STANDARD_LIBRARIES = YES;
				ASSETCATALOG_COMPILER_APPICON_NAME = AppIcon;
				CODE_SIGN_ENTITLEMENTS = SwiftBoy/SwiftBoy.entitlements;
				CODE_SIGN_STYLE = Automatic;
				COMBINE_HIDPI_IMAGES = YES;
				DEVELOPMENT_TEAM = AEAQ6C3MPC;
				INFOPLIST_FILE = SwiftBoy/Info.plist;
				LD_RUNPATH_SEARCH_PATHS = (
					"$(inherited)",
					"@executable_path/../Frameworks",
				);
				PRODUCT_BUNDLE_IDENTIFIER = com.nopoint.SwiftBoy;
				PRODUCT_NAME = "$(TARGET_NAME)";
				SWIFT_VERSION = 5.0;
			};
			name = Debug;
		};
		90A17B52229D59840027133B /* Release */ = {
			isa = XCBuildConfiguration;
			buildSettings = {
				ALWAYS_EMBED_SWIFT_STANDARD_LIBRARIES = YES;
				ASSETCATALOG_COMPILER_APPICON_NAME = AppIcon;
				CODE_SIGN_ENTITLEMENTS = SwiftBoy/SwiftBoy.entitlements;
				CODE_SIGN_STYLE = Automatic;
				COMBINE_HIDPI_IMAGES = YES;
				DEVELOPMENT_TEAM = AEAQ6C3MPC;
				INFOPLIST_FILE = SwiftBoy/Info.plist;
				LD_RUNPATH_SEARCH_PATHS = (
					"$(inherited)",
					"@executable_path/../Frameworks",
				);
				PRODUCT_BUNDLE_IDENTIFIER = com.nopoint.SwiftBoy;
				PRODUCT_NAME = "$(TARGET_NAME)";
				SWIFT_VERSION = 5.0;
			};
			name = Release;
		};
		90A17B70229D59A30027133B /* Debug */ = {
			isa = XCBuildConfiguration;
			buildSettings = {
				CLANG_ENABLE_MODULES = YES;
				CODE_SIGN_IDENTITY = "";
				CODE_SIGN_STYLE = Automatic;
				COMBINE_HIDPI_IMAGES = YES;
				CURRENT_PROJECT_VERSION = 1;
				DEFINES_MODULE = YES;
				DEVELOPMENT_TEAM = AEAQ6C3MPC;
				DYLIB_COMPATIBILITY_VERSION = 1;
				DYLIB_CURRENT_VERSION = 1;
				DYLIB_INSTALL_NAME_BASE = "@rpath";
				FRAMEWORK_VERSION = A;
				INFOPLIST_FILE = SwiftBoyKit/Info.plist;
				INSTALL_PATH = "$(LOCAL_LIBRARY_DIR)/Frameworks";
				LD_RUNPATH_SEARCH_PATHS = (
					"$(inherited)",
					"@executable_path/../Frameworks",
					"@loader_path/Frameworks",
				);
				PRODUCT_BUNDLE_IDENTIFIER = com.nopoint.SwiftBoyKit;
				PRODUCT_NAME = "$(TARGET_NAME:c99extidentifier)";
				SKIP_INSTALL = YES;
				SWIFT_OPTIMIZATION_LEVEL = "-Onone";
				SWIFT_VERSION = 5.0;
				VERSIONING_SYSTEM = "apple-generic";
				VERSION_INFO_PREFIX = "";
			};
			name = Debug;
		};
		90A17B71229D59A30027133B /* Release */ = {
			isa = XCBuildConfiguration;
			buildSettings = {
				CLANG_ENABLE_MODULES = YES;
				CODE_SIGN_IDENTITY = "";
				CODE_SIGN_STYLE = Automatic;
				COMBINE_HIDPI_IMAGES = YES;
				CURRENT_PROJECT_VERSION = 1;
				DEFINES_MODULE = YES;
				DEVELOPMENT_TEAM = AEAQ6C3MPC;
				DYLIB_COMPATIBILITY_VERSION = 1;
				DYLIB_CURRENT_VERSION = 1;
				DYLIB_INSTALL_NAME_BASE = "@rpath";
				FRAMEWORK_VERSION = A;
				INFOPLIST_FILE = SwiftBoyKit/Info.plist;
				INSTALL_PATH = "$(LOCAL_LIBRARY_DIR)/Frameworks";
				LD_RUNPATH_SEARCH_PATHS = (
					"$(inherited)",
					"@executable_path/../Frameworks",
					"@loader_path/Frameworks",
				);
				PRODUCT_BUNDLE_IDENTIFIER = com.nopoint.SwiftBoyKit;
				PRODUCT_NAME = "$(TARGET_NAME:c99extidentifier)";
				SKIP_INSTALL = YES;
				SWIFT_VERSION = 5.0;
				VERSIONING_SYSTEM = "apple-generic";
				VERSION_INFO_PREFIX = "";
			};
			name = Release;
		};
		90A17B74229D59A30027133B /* Debug */ = {
			isa = XCBuildConfiguration;
			buildSettings = {
				ALWAYS_EMBED_SWIFT_STANDARD_LIBRARIES = YES;
				CODE_SIGN_STYLE = Automatic;
				COMBINE_HIDPI_IMAGES = YES;
				DEVELOPMENT_TEAM = AEAQ6C3MPC;
				INFOPLIST_FILE = SwiftBoyKitTests/Info.plist;
				LD_RUNPATH_SEARCH_PATHS = (
					"$(inherited)",
					"@executable_path/../Frameworks",
					"@loader_path/../Frameworks",
				);
				PRODUCT_BUNDLE_IDENTIFIER = com.nopoint.SwiftBoyKitTests;
				PRODUCT_NAME = "$(TARGET_NAME)";
				SWIFT_VERSION = 5.0;
				TEST_HOST = "$(BUILT_PRODUCTS_DIR)/SwiftBoy.app/Contents/MacOS/SwiftBoy";
			};
			name = Debug;
		};
		90A17B75229D59A30027133B /* Release */ = {
			isa = XCBuildConfiguration;
			buildSettings = {
				ALWAYS_EMBED_SWIFT_STANDARD_LIBRARIES = YES;
				CODE_SIGN_STYLE = Automatic;
				COMBINE_HIDPI_IMAGES = YES;
				DEVELOPMENT_TEAM = AEAQ6C3MPC;
				INFOPLIST_FILE = SwiftBoyKitTests/Info.plist;
				LD_RUNPATH_SEARCH_PATHS = (
					"$(inherited)",
					"@executable_path/../Frameworks",
					"@loader_path/../Frameworks",
				);
				PRODUCT_BUNDLE_IDENTIFIER = com.nopoint.SwiftBoyKitTests;
				PRODUCT_NAME = "$(TARGET_NAME)";
				SWIFT_VERSION = 5.0;
				TEST_HOST = "$(BUILT_PRODUCTS_DIR)/SwiftBoy.app/Contents/MacOS/SwiftBoy";
			};
			name = Release;
		};
		90A17B7F229D59B10027133B /* Debug */ = {
			isa = XCBuildConfiguration;
			buildSettings = {
				CODE_SIGN_STYLE = Automatic;
				DEVELOPMENT_TEAM = AEAQ6C3MPC;
				PRODUCT_NAME = "$(TARGET_NAME)";
				SWIFT_VERSION = 5.0;
			};
			name = Debug;
		};
		90A17B80229D59B10027133B /* Release */ = {
			isa = XCBuildConfiguration;
			buildSettings = {
				CODE_SIGN_STYLE = Automatic;
				DEVELOPMENT_TEAM = AEAQ6C3MPC;
				PRODUCT_NAME = "$(TARGET_NAME)";
				SWIFT_VERSION = 5.0;
			};
			name = Release;
		};
/* End XCBuildConfiguration section */

/* Begin XCConfigurationList section */
		90A17B3B229D59830027133B /* Build configuration list for PBXProject "SwiftBoy" */ = {
			isa = XCConfigurationList;
			buildConfigurations = (
				90A17B4E229D59840027133B /* Debug */,
				90A17B4F229D59840027133B /* Release */,
			);
			defaultConfigurationIsVisible = 0;
			defaultConfigurationName = Release;
		};
		90A17B50229D59840027133B /* Build configuration list for PBXNativeTarget "SwiftBoy" */ = {
			isa = XCConfigurationList;
			buildConfigurations = (
				90A17B51229D59840027133B /* Debug */,
				90A17B52229D59840027133B /* Release */,
			);
			defaultConfigurationIsVisible = 0;
			defaultConfigurationName = Release;
		};
		90A17B6F229D59A30027133B /* Build configuration list for PBXNativeTarget "SwiftBoyKit" */ = {
			isa = XCConfigurationList;
			buildConfigurations = (
				90A17B70229D59A30027133B /* Debug */,
				90A17B71229D59A30027133B /* Release */,
			);
			defaultConfigurationIsVisible = 0;
			defaultConfigurationName = Release;
		};
		90A17B73229D59A30027133B /* Build configuration list for PBXNativeTarget "SwiftBoyKitTests" */ = {
			isa = XCConfigurationList;
			buildConfigurations = (
				90A17B74229D59A30027133B /* Debug */,
				90A17B75229D59A30027133B /* Release */,
			);
			defaultConfigurationIsVisible = 0;
			defaultConfigurationName = Release;
		};
		90A17B7E229D59B10027133B /* Build configuration list for PBXNativeTarget "CodeGen" */ = {
			isa = XCConfigurationList;
			buildConfigurations = (
				90A17B7F229D59B10027133B /* Debug */,
				90A17B80229D59B10027133B /* Release */,
			);
			defaultConfigurationIsVisible = 0;
			defaultConfigurationName = Release;
		};
/* End XCConfigurationList section */
	};
	rootObject = 90A17B38229D59830027133B /* Project object */;
}
