// !$*UTF8*$!
{
	archiveVersion = 1;
	classes = {
	};
	objectVersion = 50;
	objects = {

/* Begin PBXBuildFile section */
		90A1217422995D3800737DC4 /* AppDelegate.swift in Sources */ = {isa = PBXBuildFile; fileRef = 90A1217322995D3800737DC4 /* AppDelegate.swift */; };
		90A1217622995D3800737DC4 /* ViewController.swift in Sources */ = {isa = PBXBuildFile; fileRef = 90A1217522995D3800737DC4 /* ViewController.swift */; };
		90A1217822995D3900737DC4 /* Assets.xcassets in Resources */ = {isa = PBXBuildFile; fileRef = 90A1217722995D3900737DC4 /* Assets.xcassets */; };
		90A1217B22995D3900737DC4 /* Main.storyboard in Resources */ = {isa = PBXBuildFile; fileRef = 90A1217922995D3900737DC4 /* Main.storyboard */; };
		90A1218722995D3900737DC4 /* CpuArithmeticTests.swift in Sources */ = {isa = PBXBuildFile; fileRef = 90A1218622995D3900737DC4 /* CpuArithmeticTests.swift */; };
		90A1219822995EE700737DC4 /* main.swift in Sources */ = {isa = PBXBuildFile; fileRef = 90A1219722995EE700737DC4 /* main.swift */; };
		90A1219F22995F5B00737DC4 /* PrintOpcodes.swift in Sources */ = {isa = PBXBuildFile; fileRef = 90A1219E22995F5B00737DC4 /* PrintOpcodes.swift */; };
		90A121A922996F8100737DC4 /* OpenOpcodesFile.swift in Sources */ = {isa = PBXBuildFile; fileRef = 90A121A822996F8100737DC4 /* OpenOpcodesFile.swift */; };
		90A121AB2299770E00737DC4 /* Opcode.swift in Sources */ = {isa = PBXBuildFile; fileRef = 90A121AA2299770E00737DC4 /* Opcode.swift */; };
		90A121AE22998CD800737DC4 /* Registers.swift in Sources */ = {isa = PBXBuildFile; fileRef = 90A121AD22998CD800737DC4 /* Registers.swift */; };
		90A121B22299A01300737DC4 /* Cpu.swift in Sources */ = {isa = PBXBuildFile; fileRef = 90A121B12299A01300737DC4 /* Cpu.swift */; };
		90A121B82299B6A800737DC4 /* Memory.swift in Sources */ = {isa = PBXBuildFile; fileRef = 90A121B72299B6A800737DC4 /* Memory.swift */; };
		90A121BB2299B89000737DC4 /* Array+subscript.swift in Sources */ = {isa = PBXBuildFile; fileRef = 90A121BA2299B89000737DC4 /* Array+subscript.swift */; };
		90A121BD2299B9AD00737DC4 /* PrintTick.swift in Sources */ = {isa = PBXBuildFile; fileRef = 90A121BC2299B9AD00737DC4 /* PrintTick.swift */; };
		90A121C12299C4D300737DC4 /* Opcode.swift in Sources */ = {isa = PBXBuildFile; fileRef = 90A121C02299C4D300737DC4 /* Opcode.swift */; };
		90A121C32299C79B00737DC4 /* Opcodes.swift in Sources */ = {isa = PBXBuildFile; fileRef = 90A121C22299C79B00737DC4 /* Opcodes.swift */; };
		90A121CB229A963B00737DC4 /* CpuLdTests.swift in Sources */ = {isa = PBXBuildFile; fileRef = 90A121C9229A963000737DC4 /* CpuLdTests.swift */; };
		90A121CD229A9B7400737DC4 /* Cpu+Ld.swift in Sources */ = {isa = PBXBuildFile; fileRef = 90A121CC229A9B7400737DC4 /* Cpu+Ld.swift */; };
		90A121CF229AA20100737DC4 /* Cpu+Tick.swift in Sources */ = {isa = PBXBuildFile; fileRef = 90A121CE229AA20100737DC4 /* Cpu+Tick.swift */; };
		90A121D1229AA4E600737DC4 /* Cpu+Logic.swift in Sources */ = {isa = PBXBuildFile; fileRef = 90A121D0229AA4E600737DC4 /* Cpu+Logic.swift */; };
		90A121D3229AD2E800737DC4 /* Cpu+Arithmetic.swift in Sources */ = {isa = PBXBuildFile; fileRef = 90A121D2229AD2E800737DC4 /* Cpu+Arithmetic.swift */; };
		90A121D6229AD3D500737DC4 /* CpuLogicTests.swift in Sources */ = {isa = PBXBuildFile; fileRef = 90A121D4229AD37600737DC4 /* CpuLogicTests.swift */; };
		90A121D8229AF5BD00737DC4 /* Cpu+Rotate.swift in Sources */ = {isa = PBXBuildFile; fileRef = 90A121D7229AF5BD00737DC4 /* Cpu+Rotate.swift */; };
		90A121DE229AF76300737DC4 /* CpuRotateTests.swift in Sources */ = {isa = PBXBuildFile; fileRef = 90A121D9229AF5D600737DC4 /* CpuRotateTests.swift */; };
		90A121E0229B0E9500737DC4 /* Cpu+Shift.swift in Sources */ = {isa = PBXBuildFile; fileRef = 90A121DF229B0E9500737DC4 /* Cpu+Shift.swift */; };
		90A121E3229B0ED800737DC4 /* CpuShiftTests.swift in Sources */ = {isa = PBXBuildFile; fileRef = 90A121E1229B0ED400737DC4 /* CpuShiftTests.swift */; };
		90A121E5229B194300737DC4 /* Cpu+Bit.swift in Sources */ = {isa = PBXBuildFile; fileRef = 90A121E4229B194300737DC4 /* Cpu+Bit.swift */; };
		90A121E8229B195900737DC4 /* CpuBitTests.swift in Sources */ = {isa = PBXBuildFile; fileRef = 90A121E6229B195300737DC4 /* CpuBitTests.swift */; };
/* End PBXBuildFile section */

/* Begin PBXContainerItemProxy section */
		90A1218322995D3900737DC4 /* PBXContainerItemProxy */ = {
			isa = PBXContainerItemProxy;
			containerPortal = 90A1216822995D3800737DC4 /* Project object */;
			proxyType = 1;
			remoteGlobalIDString = 90A1216F22995D3800737DC4;
			remoteInfo = SwiftBoy;
		};
/* End PBXContainerItemProxy section */

/* Begin PBXFileReference section */
		90A1217022995D3800737DC4 /* SwiftBoy.app */ = {isa = PBXFileReference; explicitFileType = wrapper.application; includeInIndex = 0; path = SwiftBoy.app; sourceTree = BUILT_PRODUCTS_DIR; };
		90A1217322995D3800737DC4 /* AppDelegate.swift */ = {isa = PBXFileReference; lastKnownFileType = sourcecode.swift; path = AppDelegate.swift; sourceTree = "<group>"; };
		90A1217522995D3800737DC4 /* ViewController.swift */ = {isa = PBXFileReference; lastKnownFileType = sourcecode.swift; path = ViewController.swift; sourceTree = "<group>"; };
		90A1217722995D3900737DC4 /* Assets.xcassets */ = {isa = PBXFileReference; lastKnownFileType = folder.assetcatalog; path = Assets.xcassets; sourceTree = "<group>"; };
		90A1217A22995D3900737DC4 /* Base */ = {isa = PBXFileReference; lastKnownFileType = file.storyboard; name = Base; path = Base.lproj/Main.storyboard; sourceTree = "<group>"; };
		90A1217C22995D3900737DC4 /* Info.plist */ = {isa = PBXFileReference; lastKnownFileType = text.plist.xml; path = Info.plist; sourceTree = "<group>"; };
		90A1217D22995D3900737DC4 /* SwiftBoy.entitlements */ = {isa = PBXFileReference; lastKnownFileType = text.plist.entitlements; path = SwiftBoy.entitlements; sourceTree = "<group>"; };
		90A1218222995D3900737DC4 /* SwiftBoyTests.xctest */ = {isa = PBXFileReference; explicitFileType = wrapper.cfbundle; includeInIndex = 0; path = SwiftBoyTests.xctest; sourceTree = BUILT_PRODUCTS_DIR; };
		90A1218622995D3900737DC4 /* CpuArithmeticTests.swift */ = {isa = PBXFileReference; lastKnownFileType = sourcecode.swift; path = CpuArithmeticTests.swift; sourceTree = "<group>"; };
		90A1218822995D3900737DC4 /* Info.plist */ = {isa = PBXFileReference; lastKnownFileType = text.plist.xml; path = Info.plist; sourceTree = "<group>"; };
		90A1219522995EE600737DC4 /* CodeGen */ = {isa = PBXFileReference; explicitFileType = "compiled.mach-o.executable"; includeInIndex = 0; path = CodeGen; sourceTree = BUILT_PRODUCTS_DIR; };
		90A1219722995EE700737DC4 /* main.swift */ = {isa = PBXFileReference; lastKnownFileType = sourcecode.swift; path = main.swift; sourceTree = "<group>"; };
		90A1219D22995F2100737DC4 /* opcodes.json */ = {isa = PBXFileReference; lastKnownFileType = text.json; path = opcodes.json; sourceTree = "<group>"; };
		90A1219E22995F5B00737DC4 /* PrintOpcodes.swift */ = {isa = PBXFileReference; lastKnownFileType = sourcecode.swift; path = PrintOpcodes.swift; sourceTree = "<group>"; };
		90A121A822996F8100737DC4 /* OpenOpcodesFile.swift */ = {isa = PBXFileReference; lastKnownFileType = sourcecode.swift; path = OpenOpcodesFile.swift; sourceTree = "<group>"; };
		90A121AA2299770E00737DC4 /* Opcode.swift */ = {isa = PBXFileReference; lastKnownFileType = sourcecode.swift; path = Opcode.swift; sourceTree = "<group>"; };
		90A121AD22998CD800737DC4 /* Registers.swift */ = {isa = PBXFileReference; lastKnownFileType = sourcecode.swift; path = Registers.swift; sourceTree = "<group>"; };
		90A121B12299A01300737DC4 /* Cpu.swift */ = {isa = PBXFileReference; lastKnownFileType = sourcecode.swift; path = Cpu.swift; sourceTree = "<group>"; };
		90A121B72299B6A800737DC4 /* Memory.swift */ = {isa = PBXFileReference; lastKnownFileType = sourcecode.swift; path = Memory.swift; sourceTree = "<group>"; };
		90A121BA2299B89000737DC4 /* Array+subscript.swift */ = {isa = PBXFileReference; lastKnownFileType = sourcecode.swift; path = "Array+subscript.swift"; sourceTree = "<group>"; };
		90A121BC2299B9AD00737DC4 /* PrintTick.swift */ = {isa = PBXFileReference; lastKnownFileType = sourcecode.swift; path = PrintTick.swift; sourceTree = "<group>"; };
		90A121C02299C4D300737DC4 /* Opcode.swift */ = {isa = PBXFileReference; lastKnownFileType = sourcecode.swift; path = Opcode.swift; sourceTree = "<group>"; };
		90A121C22299C79B00737DC4 /* Opcodes.swift */ = {isa = PBXFileReference; lastKnownFileType = sourcecode.swift; path = Opcodes.swift; sourceTree = "<group>"; };
		90A121C9229A963000737DC4 /* CpuLdTests.swift */ = {isa = PBXFileReference; lastKnownFileType = sourcecode.swift; path = CpuLdTests.swift; sourceTree = "<group>"; };
		90A121CC229A9B7400737DC4 /* Cpu+Ld.swift */ = {isa = PBXFileReference; lastKnownFileType = sourcecode.swift; path = "Cpu+Ld.swift"; sourceTree = "<group>"; };
		90A121CE229AA20100737DC4 /* Cpu+Tick.swift */ = {isa = PBXFileReference; lastKnownFileType = sourcecode.swift; path = "Cpu+Tick.swift"; sourceTree = "<group>"; };
		90A121D0229AA4E600737DC4 /* Cpu+Logic.swift */ = {isa = PBXFileReference; lastKnownFileType = sourcecode.swift; path = "Cpu+Logic.swift"; sourceTree = "<group>"; };
		90A121D2229AD2E800737DC4 /* Cpu+Arithmetic.swift */ = {isa = PBXFileReference; lastKnownFileType = sourcecode.swift; path = "Cpu+Arithmetic.swift"; sourceTree = "<group>"; };
		90A121D4229AD37600737DC4 /* CpuLogicTests.swift */ = {isa = PBXFileReference; lastKnownFileType = sourcecode.swift; path = CpuLogicTests.swift; sourceTree = "<group>"; };
		90A121D7229AF5BD00737DC4 /* Cpu+Rotate.swift */ = {isa = PBXFileReference; lastKnownFileType = sourcecode.swift; path = "Cpu+Rotate.swift"; sourceTree = "<group>"; };
		90A121D9229AF5D600737DC4 /* CpuRotateTests.swift */ = {isa = PBXFileReference; lastKnownFileType = sourcecode.swift; path = CpuRotateTests.swift; sourceTree = "<group>"; };
		90A121DF229B0E9500737DC4 /* Cpu+Shift.swift */ = {isa = PBXFileReference; lastKnownFileType = sourcecode.swift; path = "Cpu+Shift.swift"; sourceTree = "<group>"; };
		90A121E1229B0ED400737DC4 /* CpuShiftTests.swift */ = {isa = PBXFileReference; lastKnownFileType = sourcecode.swift; path = CpuShiftTests.swift; sourceTree = "<group>"; };
		90A121E4229B194300737DC4 /* Cpu+Bit.swift */ = {isa = PBXFileReference; lastKnownFileType = sourcecode.swift; path = "Cpu+Bit.swift"; sourceTree = "<group>"; };
		90A121E6229B195300737DC4 /* CpuBitTests.swift */ = {isa = PBXFileReference; lastKnownFileType = sourcecode.swift; path = CpuBitTests.swift; sourceTree = "<group>"; };
/* End PBXFileReference section */

/* Begin PBXFrameworksBuildPhase section */
		90A1216D22995D3800737DC4 /* Frameworks */ = {
			isa = PBXFrameworksBuildPhase;
			buildActionMask = 2147483647;
			files = (
			);
			runOnlyForDeploymentPostprocessing = 0;
		};
		90A1217F22995D3900737DC4 /* Frameworks */ = {
			isa = PBXFrameworksBuildPhase;
			buildActionMask = 2147483647;
			files = (
			);
			runOnlyForDeploymentPostprocessing = 0;
		};
		90A1219222995EE600737DC4 /* Frameworks */ = {
			isa = PBXFrameworksBuildPhase;
			buildActionMask = 2147483647;
			files = (
			);
			runOnlyForDeploymentPostprocessing = 0;
		};
/* End PBXFrameworksBuildPhase section */

/* Begin PBXGroup section */
		90A1216722995D3800737DC4 = {
			isa = PBXGroup;
			children = (
				90A1217222995D3800737DC4 /* SwiftBoy */,
				90A1219622995EE700737DC4 /* CodeGen */,
				90A1218522995D3900737DC4 /* SwiftBoyTests */,
				90A1217122995D3800737DC4 /* Products */,
			);
			sourceTree = "<group>";
		};
		90A1217122995D3800737DC4 /* Products */ = {
			isa = PBXGroup;
			children = (
				90A1217022995D3800737DC4 /* SwiftBoy.app */,
				90A1218222995D3900737DC4 /* SwiftBoyTests.xctest */,
				90A1219522995EE600737DC4 /* CodeGen */,
			);
			name = Products;
			sourceTree = "<group>";
		};
		90A1217222995D3800737DC4 /* SwiftBoy */ = {
			isa = PBXGroup;
			children = (
				90A121AC22998CCD00737DC4 /* Emulator */,
				90A121B92299B87E00737DC4 /* Extensions */,
				90A1217722995D3900737DC4 /* Assets.xcassets */,
				90A1217322995D3800737DC4 /* AppDelegate.swift */,
				90A1217522995D3800737DC4 /* ViewController.swift */,
				90A1217922995D3900737DC4 /* Main.storyboard */,
				90A1217C22995D3900737DC4 /* Info.plist */,
				90A1217D22995D3900737DC4 /* SwiftBoy.entitlements */,
			);
			path = SwiftBoy;
			sourceTree = "<group>";
		};
		90A1218522995D3900737DC4 /* SwiftBoyTests */ = {
			isa = PBXGroup;
			children = (
				90A1218822995D3900737DC4 /* Info.plist */,
			);
			path = SwiftBoyTests;
			sourceTree = "<group>";
		};
		90A1219622995EE700737DC4 /* CodeGen */ = {
			isa = PBXGroup;
			children = (
				90A1219C22995F0900737DC4 /* Opcodes */,
				90A1219722995EE700737DC4 /* main.swift */,
			);
			path = CodeGen;
			sourceTree = "<group>";
		};
		90A1219C22995F0900737DC4 /* Opcodes */ = {
			isa = PBXGroup;
			children = (
				90A1219D22995F2100737DC4 /* opcodes.json */,
				90A121AA2299770E00737DC4 /* Opcode.swift */,
				90A121A822996F8100737DC4 /* OpenOpcodesFile.swift */,
				90A1219E22995F5B00737DC4 /* PrintOpcodes.swift */,
				90A121BC2299B9AD00737DC4 /* PrintTick.swift */,
			);
			path = Opcodes;
			sourceTree = "<group>";
		};
		90A121AC22998CCD00737DC4 /* Emulator */ = {
			isa = PBXGroup;
			children = (
				90A121C8229A7AB500737DC4 /* Tests */,
				90A121B12299A01300737DC4 /* Cpu.swift */,
				90A121CC229A9B7400737DC4 /* Cpu+Ld.swift */,
				90A121D0229AA4E600737DC4 /* Cpu+Logic.swift */,
				90A121D2229AD2E800737DC4 /* Cpu+Arithmetic.swift */,
				90A121D7229AF5BD00737DC4 /* Cpu+Rotate.swift */,
				90A121DF229B0E9500737DC4 /* Cpu+Shift.swift */,
				90A121E4229B194300737DC4 /* Cpu+Bit.swift */,
				90A121CE229AA20100737DC4 /* Cpu+Tick.swift */,
				90A121AD22998CD800737DC4 /* Registers.swift */,
				90A121B72299B6A800737DC4 /* Memory.swift */,
				90A121C02299C4D300737DC4 /* Opcode.swift */,
				90A121C22299C79B00737DC4 /* Opcodes.swift */,
			);
			path = Emulator;
			sourceTree = "<group>";
		};
		90A121B92299B87E00737DC4 /* Extensions */ = {
			isa = PBXGroup;
			children = (
				90A121BA2299B89000737DC4 /* Array+subscript.swift */,
			);
			path = Extensions;
			sourceTree = "<group>";
		};
		90A121C8229A7AB500737DC4 /* Tests */ = {
			isa = PBXGroup;
			children = (
				90A121C9229A963000737DC4 /* CpuLdTests.swift */,
				90A121D4229AD37600737DC4 /* CpuLogicTests.swift */,
				90A1218622995D3900737DC4 /* CpuArithmeticTests.swift */,
				90A121D9229AF5D600737DC4 /* CpuRotateTests.swift */,
				90A121E1229B0ED400737DC4 /* CpuShiftTests.swift */,
				90A121E6229B195300737DC4 /* CpuBitTests.swift */,
			);
			path = Tests;
			sourceTree = "<group>";
		};
/* End PBXGroup section */

/* Begin PBXNativeTarget section */
		90A1216F22995D3800737DC4 /* SwiftBoy */ = {
			isa = PBXNativeTarget;
			buildConfigurationList = 90A1218B22995D3900737DC4 /* Build configuration list for PBXNativeTarget "SwiftBoy" */;
			buildPhases = (
				90A1216C22995D3800737DC4 /* Sources */,
				90A1216D22995D3800737DC4 /* Frameworks */,
				90A1216E22995D3800737DC4 /* Resources */,
				90A121A3229960DD00737DC4 /* SwiftLint */,
			);
			buildRules = (
			);
			dependencies = (
			);
			name = SwiftBoy;
			productName = SwiftBoy;
			productReference = 90A1217022995D3800737DC4 /* SwiftBoy.app */;
			productType = "com.apple.product-type.application";
		};
		90A1218122995D3900737DC4 /* SwiftBoyTests */ = {
			isa = PBXNativeTarget;
			buildConfigurationList = 90A1218E22995D3900737DC4 /* Build configuration list for PBXNativeTarget "SwiftBoyTests" */;
			buildPhases = (
				90A1217E22995D3900737DC4 /* Sources */,
				90A1217F22995D3900737DC4 /* Frameworks */,
				90A1218022995D3900737DC4 /* Resources */,
			);
			buildRules = (
			);
			dependencies = (
				90A1218422995D3900737DC4 /* PBXTargetDependency */,
			);
			name = SwiftBoyTests;
			productName = SwiftBoyTests;
			productReference = 90A1218222995D3900737DC4 /* SwiftBoyTests.xctest */;
			productType = "com.apple.product-type.bundle.unit-test";
		};
		90A1219422995EE600737DC4 /* CodeGen */ = {
			isa = PBXNativeTarget;
			buildConfigurationList = 90A1219922995EE700737DC4 /* Build configuration list for PBXNativeTarget "CodeGen" */;
			buildPhases = (
				90A1219122995EE600737DC4 /* Sources */,
				90A1219222995EE600737DC4 /* Frameworks */,
			);
			buildRules = (
			);
			dependencies = (
			);
			name = CodeGen;
			productName = CodeGen;
			productReference = 90A1219522995EE600737DC4 /* CodeGen */;
			productType = "com.apple.product-type.tool";
		};
/* End PBXNativeTarget section */

/* Begin PBXProject section */
		90A1216822995D3800737DC4 /* Project object */ = {
			isa = PBXProject;
			attributes = {
				LastSwiftUpdateCheck = 1020;
				LastUpgradeCheck = 1020;
				ORGANIZATIONNAME = NoPoint;
				TargetAttributes = {
					90A1216F22995D3800737DC4 = {
						CreatedOnToolsVersion = 10.2.1;
					};
					90A1218122995D3900737DC4 = {
						CreatedOnToolsVersion = 10.2.1;
						TestTargetID = 90A1216F22995D3800737DC4;
					};
					90A1219422995EE600737DC4 = {
						CreatedOnToolsVersion = 10.2.1;
					};
				};
			};
			buildConfigurationList = 90A1216B22995D3800737DC4 /* Build configuration list for PBXProject "SwiftBoy" */;
			compatibilityVersion = "Xcode 9.3";
			developmentRegion = en;
			hasScannedForEncodings = 0;
			knownRegions = (
				en,
				Base,
			);
			mainGroup = 90A1216722995D3800737DC4;
			productRefGroup = 90A1217122995D3800737DC4 /* Products */;
			projectDirPath = "";
			projectRoot = "";
			targets = (
				90A1216F22995D3800737DC4 /* SwiftBoy */,
				90A1219422995EE600737DC4 /* CodeGen */,
				90A1218122995D3900737DC4 /* SwiftBoyTests */,
			);
		};
/* End PBXProject section */

/* Begin PBXResourcesBuildPhase section */
		90A1216E22995D3800737DC4 /* Resources */ = {
			isa = PBXResourcesBuildPhase;
			buildActionMask = 2147483647;
			files = (
				90A1217822995D3900737DC4 /* Assets.xcassets in Resources */,
				90A1217B22995D3900737DC4 /* Main.storyboard in Resources */,
			);
			runOnlyForDeploymentPostprocessing = 0;
		};
		90A1218022995D3900737DC4 /* Resources */ = {
			isa = PBXResourcesBuildPhase;
			buildActionMask = 2147483647;
			files = (
			);
			runOnlyForDeploymentPostprocessing = 0;
		};
/* End PBXResourcesBuildPhase section */

/* Begin PBXShellScriptBuildPhase section */
		90A121A3229960DD00737DC4 /* SwiftLint */ = {
			isa = PBXShellScriptBuildPhase;
			buildActionMask = 2147483647;
			files = (
			);
			inputFileListPaths = (
			);
			inputPaths = (
			);
			name = SwiftLint;
			outputFileListPaths = (
			);
			outputPaths = (
			);
			runOnlyForDeploymentPostprocessing = 0;
			shellPath = /bin/sh;
			shellScript = "if which swiftlint >/dev/null; then\nswiftlint\nelse\necho \"warning: SwiftLint not installed, download from https://github.com/realm/SwiftLint\"\nfi\n";
		};
/* End PBXShellScriptBuildPhase section */

/* Begin PBXSourcesBuildPhase section */
		90A1216C22995D3800737DC4 /* Sources */ = {
			isa = PBXSourcesBuildPhase;
			buildActionMask = 2147483647;
			files = (
				90A121CD229A9B7400737DC4 /* Cpu+Ld.swift in Sources */,
				90A1217622995D3800737DC4 /* ViewController.swift in Sources */,
				90A121BB2299B89000737DC4 /* Array+subscript.swift in Sources */,
				90A121CF229AA20100737DC4 /* Cpu+Tick.swift in Sources */,
				90A121C32299C79B00737DC4 /* Opcodes.swift in Sources */,
				90A121D1229AA4E600737DC4 /* Cpu+Logic.swift in Sources */,
				90A121B22299A01300737DC4 /* Cpu.swift in Sources */,
				90A121AE22998CD800737DC4 /* Registers.swift in Sources */,
				90A121D3229AD2E800737DC4 /* Cpu+Arithmetic.swift in Sources */,
				90A121B82299B6A800737DC4 /* Memory.swift in Sources */,
				90A121C12299C4D300737DC4 /* Opcode.swift in Sources */,
				90A121E5229B194300737DC4 /* Cpu+Bit.swift in Sources */,
				90A121E0229B0E9500737DC4 /* Cpu+Shift.swift in Sources */,
				90A1217422995D3800737DC4 /* AppDelegate.swift in Sources */,
				90A121D8229AF5BD00737DC4 /* Cpu+Rotate.swift in Sources */,
			);
			runOnlyForDeploymentPostprocessing = 0;
		};
		90A1217E22995D3900737DC4 /* Sources */ = {
			isa = PBXSourcesBuildPhase;
			buildActionMask = 2147483647;
			files = (
				90A121E3229B0ED800737DC4 /* CpuShiftTests.swift in Sources */,
				90A121DE229AF76300737DC4 /* CpuRotateTests.swift in Sources */,
				90A121CB229A963B00737DC4 /* CpuLdTests.swift in Sources */,
				90A1218722995D3900737DC4 /* CpuArithmeticTests.swift in Sources */,
				90A121E8229B195900737DC4 /* CpuBitTests.swift in Sources */,
				90A121D6229AD3D500737DC4 /* CpuLogicTests.swift in Sources */,
			);
			runOnlyForDeploymentPostprocessing = 0;
		};
		90A1219122995EE600737DC4 /* Sources */ = {
			isa = PBXSourcesBuildPhase;
			buildActionMask = 2147483647;
			files = (
				90A121A922996F8100737DC4 /* OpenOpcodesFile.swift in Sources */,
				90A121BD2299B9AD00737DC4 /* PrintTick.swift in Sources */,
				90A1219822995EE700737DC4 /* main.swift in Sources */,
				90A121AB2299770E00737DC4 /* Opcode.swift in Sources */,
				90A1219F22995F5B00737DC4 /* PrintOpcodes.swift in Sources */,
			);
			runOnlyForDeploymentPostprocessing = 0;
		};
/* End PBXSourcesBuildPhase section */

/* Begin PBXTargetDependency section */
		90A1218422995D3900737DC4 /* PBXTargetDependency */ = {
			isa = PBXTargetDependency;
			target = 90A1216F22995D3800737DC4 /* SwiftBoy */;
			targetProxy = 90A1218322995D3900737DC4 /* PBXContainerItemProxy */;
		};
/* End PBXTargetDependency section */

/* Begin PBXVariantGroup section */
		90A1217922995D3900737DC4 /* Main.storyboard */ = {
			isa = PBXVariantGroup;
			children = (
				90A1217A22995D3900737DC4 /* Base */,
			);
			name = Main.storyboard;
			sourceTree = "<group>";
		};
/* End PBXVariantGroup section */

/* Begin XCBuildConfiguration section */
		90A1218922995D3900737DC4 /* Debug */ = {
			isa = XCBuildConfiguration;
			buildSettings = {
				ALWAYS_SEARCH_USER_PATHS = NO;
				CLANG_ANALYZER_NONNULL = YES;
				CLANG_ANALYZER_NUMBER_OBJECT_CONVERSION = YES_AGGRESSIVE;
				CLANG_CXX_LANGUAGE_STANDARD = "gnu++14";
				CLANG_CXX_LIBRARY = "libc++";
				CLANG_ENABLE_MODULES = YES;
				CLANG_ENABLE_OBJC_ARC = YES;
				CLANG_ENABLE_OBJC_WEAK = YES;
				CLANG_WARN_BLOCK_CAPTURE_AUTORELEASING = YES;
				CLANG_WARN_BOOL_CONVERSION = YES;
				CLANG_WARN_COMMA = YES;
				CLANG_WARN_CONSTANT_CONVERSION = YES;
				CLANG_WARN_DEPRECATED_OBJC_IMPLEMENTATIONS = YES;
				CLANG_WARN_DIRECT_OBJC_ISA_USAGE = YES_ERROR;
				CLANG_WARN_DOCUMENTATION_COMMENTS = YES;
				CLANG_WARN_EMPTY_BODY = YES;
				CLANG_WARN_ENUM_CONVERSION = YES;
				CLANG_WARN_INFINITE_RECURSION = YES;
				CLANG_WARN_INT_CONVERSION = YES;
				CLANG_WARN_NON_LITERAL_NULL_CONVERSION = YES;
				CLANG_WARN_OBJC_IMPLICIT_RETAIN_SELF = YES;
				CLANG_WARN_OBJC_LITERAL_CONVERSION = YES;
				CLANG_WARN_OBJC_ROOT_CLASS = YES_ERROR;
				CLANG_WARN_RANGE_LOOP_ANALYSIS = YES;
				CLANG_WARN_STRICT_PROTOTYPES = YES;
				CLANG_WARN_SUSPICIOUS_MOVE = YES;
				CLANG_WARN_UNGUARDED_AVAILABILITY = YES_AGGRESSIVE;
				CLANG_WARN_UNREACHABLE_CODE = YES;
				CLANG_WARN__DUPLICATE_METHOD_MATCH = YES;
				CODE_SIGN_IDENTITY = "Mac Developer";
				COPY_PHASE_STRIP = NO;
				DEBUG_INFORMATION_FORMAT = dwarf;
				ENABLE_STRICT_OBJC_MSGSEND = YES;
				ENABLE_TESTABILITY = YES;
				GCC_C_LANGUAGE_STANDARD = gnu11;
				GCC_DYNAMIC_NO_PIC = NO;
				GCC_NO_COMMON_BLOCKS = YES;
				GCC_OPTIMIZATION_LEVEL = 0;
				GCC_PREPROCESSOR_DEFINITIONS = (
					"DEBUG=1",
					"$(inherited)",
				);
				GCC_WARN_64_TO_32_BIT_CONVERSION = YES;
				GCC_WARN_ABOUT_RETURN_TYPE = YES_ERROR;
				GCC_WARN_UNDECLARED_SELECTOR = YES;
				GCC_WARN_UNINITIALIZED_AUTOS = YES_AGGRESSIVE;
				GCC_WARN_UNUSED_FUNCTION = YES;
				GCC_WARN_UNUSED_VARIABLE = YES;
				MACOSX_DEPLOYMENT_TARGET = 10.14;
				MTL_ENABLE_DEBUG_INFO = INCLUDE_SOURCE;
				MTL_FAST_MATH = YES;
				ONLY_ACTIVE_ARCH = YES;
				SDKROOT = macosx;
				SWIFT_ACTIVE_COMPILATION_CONDITIONS = DEBUG;
				SWIFT_OPTIMIZATION_LEVEL = "-Onone";
			};
			name = Debug;
		};
		90A1218A22995D3900737DC4 /* Release */ = {
			isa = XCBuildConfiguration;
			buildSettings = {
				ALWAYS_SEARCH_USER_PATHS = NO;
				CLANG_ANALYZER_NONNULL = YES;
				CLANG_ANALYZER_NUMBER_OBJECT_CONVERSION = YES_AGGRESSIVE;
				CLANG_CXX_LANGUAGE_STANDARD = "gnu++14";
				CLANG_CXX_LIBRARY = "libc++";
				CLANG_ENABLE_MODULES = YES;
				CLANG_ENABLE_OBJC_ARC = YES;
				CLANG_ENABLE_OBJC_WEAK = YES;
				CLANG_WARN_BLOCK_CAPTURE_AUTORELEASING = YES;
				CLANG_WARN_BOOL_CONVERSION = YES;
				CLANG_WARN_COMMA = YES;
				CLANG_WARN_CONSTANT_CONVERSION = YES;
				CLANG_WARN_DEPRECATED_OBJC_IMPLEMENTATIONS = YES;
				CLANG_WARN_DIRECT_OBJC_ISA_USAGE = YES_ERROR;
				CLANG_WARN_DOCUMENTATION_COMMENTS = YES;
				CLANG_WARN_EMPTY_BODY = YES;
				CLANG_WARN_ENUM_CONVERSION = YES;
				CLANG_WARN_INFINITE_RECURSION = YES;
				CLANG_WARN_INT_CONVERSION = YES;
				CLANG_WARN_NON_LITERAL_NULL_CONVERSION = YES;
				CLANG_WARN_OBJC_IMPLICIT_RETAIN_SELF = YES;
				CLANG_WARN_OBJC_LITERAL_CONVERSION = YES;
				CLANG_WARN_OBJC_ROOT_CLASS = YES_ERROR;
				CLANG_WARN_RANGE_LOOP_ANALYSIS = YES;
				CLANG_WARN_STRICT_PROTOTYPES = YES;
				CLANG_WARN_SUSPICIOUS_MOVE = YES;
				CLANG_WARN_UNGUARDED_AVAILABILITY = YES_AGGRESSIVE;
				CLANG_WARN_UNREACHABLE_CODE = YES;
				CLANG_WARN__DUPLICATE_METHOD_MATCH = YES;
				CODE_SIGN_IDENTITY = "Mac Developer";
				COPY_PHASE_STRIP = NO;
				DEBUG_INFORMATION_FORMAT = "dwarf-with-dsym";
				ENABLE_NS_ASSERTIONS = NO;
				ENABLE_STRICT_OBJC_MSGSEND = YES;
				GCC_C_LANGUAGE_STANDARD = gnu11;
				GCC_NO_COMMON_BLOCKS = YES;
				GCC_WARN_64_TO_32_BIT_CONVERSION = YES;
				GCC_WARN_ABOUT_RETURN_TYPE = YES_ERROR;
				GCC_WARN_UNDECLARED_SELECTOR = YES;
				GCC_WARN_UNINITIALIZED_AUTOS = YES_AGGRESSIVE;
				GCC_WARN_UNUSED_FUNCTION = YES;
				GCC_WARN_UNUSED_VARIABLE = YES;
				MACOSX_DEPLOYMENT_TARGET = 10.14;
				MTL_ENABLE_DEBUG_INFO = NO;
				MTL_FAST_MATH = YES;
				SDKROOT = macosx;
				SWIFT_COMPILATION_MODE = wholemodule;
				SWIFT_OPTIMIZATION_LEVEL = "-O";
			};
			name = Release;
		};
		90A1218C22995D3900737DC4 /* Debug */ = {
			isa = XCBuildConfiguration;
			buildSettings = {
				ASSETCATALOG_COMPILER_APPICON_NAME = AppIcon;
				CODE_SIGN_ENTITLEMENTS = SwiftBoy/SwiftBoy.entitlements;
				CODE_SIGN_STYLE = Automatic;
				COMBINE_HIDPI_IMAGES = YES;
				DEVELOPMENT_TEAM = AEAQ6C3MPC;
				INFOPLIST_FILE = SwiftBoy/Info.plist;
				LD_RUNPATH_SEARCH_PATHS = (
					"$(inherited)",
					"@executable_path/../Frameworks",
				);
				PRODUCT_BUNDLE_IDENTIFIER = com.nopoint.SwiftBoy;
				PRODUCT_NAME = "$(TARGET_NAME)";
				SWIFT_VERSION = 5.0;
			};
			name = Debug;
		};
		90A1218D22995D3900737DC4 /* Release */ = {
			isa = XCBuildConfiguration;
			buildSettings = {
				ASSETCATALOG_COMPILER_APPICON_NAME = AppIcon;
				CODE_SIGN_ENTITLEMENTS = SwiftBoy/SwiftBoy.entitlements;
				CODE_SIGN_STYLE = Automatic;
				COMBINE_HIDPI_IMAGES = YES;
				DEVELOPMENT_TEAM = AEAQ6C3MPC;
				INFOPLIST_FILE = SwiftBoy/Info.plist;
				LD_RUNPATH_SEARCH_PATHS = (
					"$(inherited)",
					"@executable_path/../Frameworks",
				);
				PRODUCT_BUNDLE_IDENTIFIER = com.nopoint.SwiftBoy;
				PRODUCT_NAME = "$(TARGET_NAME)";
				SWIFT_VERSION = 5.0;
			};
			name = Release;
		};
		90A1218F22995D3900737DC4 /* Debug */ = {
			isa = XCBuildConfiguration;
			buildSettings = {
				ALWAYS_EMBED_SWIFT_STANDARD_LIBRARIES = YES;
				BUNDLE_LOADER = "$(TEST_HOST)";
				CODE_SIGN_STYLE = Automatic;
				COMBINE_HIDPI_IMAGES = YES;
				DEVELOPMENT_TEAM = AEAQ6C3MPC;
				INFOPLIST_FILE = SwiftBoyTests/Info.plist;
				LD_RUNPATH_SEARCH_PATHS = (
					"$(inherited)",
					"@executable_path/../Frameworks",
					"@loader_path/../Frameworks",
				);
				PRODUCT_BUNDLE_IDENTIFIER = com.nopoint.SwiftBoyTests;
				PRODUCT_NAME = "$(TARGET_NAME)";
				SWIFT_VERSION = 5.0;
				TEST_HOST = "$(BUILT_PRODUCTS_DIR)/SwiftBoy.app/Contents/MacOS/SwiftBoy";
			};
			name = Debug;
		};
		90A1219022995D3900737DC4 /* Release */ = {
			isa = XCBuildConfiguration;
			buildSettings = {
				ALWAYS_EMBED_SWIFT_STANDARD_LIBRARIES = YES;
				BUNDLE_LOADER = "$(TEST_HOST)";
				CODE_SIGN_STYLE = Automatic;
				COMBINE_HIDPI_IMAGES = YES;
				DEVELOPMENT_TEAM = AEAQ6C3MPC;
				INFOPLIST_FILE = SwiftBoyTests/Info.plist;
				LD_RUNPATH_SEARCH_PATHS = (
					"$(inherited)",
					"@executable_path/../Frameworks",
					"@loader_path/../Frameworks",
				);
				PRODUCT_BUNDLE_IDENTIFIER = com.nopoint.SwiftBoyTests;
				PRODUCT_NAME = "$(TARGET_NAME)";
				SWIFT_VERSION = 5.0;
				TEST_HOST = "$(BUILT_PRODUCTS_DIR)/SwiftBoy.app/Contents/MacOS/SwiftBoy";
			};
			name = Release;
		};
		90A1219A22995EE700737DC4 /* Debug */ = {
			isa = XCBuildConfiguration;
			buildSettings = {
				CODE_SIGN_STYLE = Automatic;
				DEVELOPMENT_TEAM = AEAQ6C3MPC;
				PRODUCT_NAME = "$(TARGET_NAME)";
				SWIFT_VERSION = 5.0;
			};
			name = Debug;
		};
		90A1219B22995EE700737DC4 /* Release */ = {
			isa = XCBuildConfiguration;
			buildSettings = {
				CODE_SIGN_STYLE = Automatic;
				DEVELOPMENT_TEAM = AEAQ6C3MPC;
				PRODUCT_NAME = "$(TARGET_NAME)";
				SWIFT_VERSION = 5.0;
			};
			name = Release;
		};
/* End XCBuildConfiguration section */

/* Begin XCConfigurationList section */
		90A1216B22995D3800737DC4 /* Build configuration list for PBXProject "SwiftBoy" */ = {
			isa = XCConfigurationList;
			buildConfigurations = (
				90A1218922995D3900737DC4 /* Debug */,
				90A1218A22995D3900737DC4 /* Release */,
			);
			defaultConfigurationIsVisible = 0;
			defaultConfigurationName = Release;
		};
		90A1218B22995D3900737DC4 /* Build configuration list for PBXNativeTarget "SwiftBoy" */ = {
			isa = XCConfigurationList;
			buildConfigurations = (
				90A1218C22995D3900737DC4 /* Debug */,
				90A1218D22995D3900737DC4 /* Release */,
			);
			defaultConfigurationIsVisible = 0;
			defaultConfigurationName = Release;
		};
		90A1218E22995D3900737DC4 /* Build configuration list for PBXNativeTarget "SwiftBoyTests" */ = {
			isa = XCConfigurationList;
			buildConfigurations = (
				90A1218F22995D3900737DC4 /* Debug */,
				90A1219022995D3900737DC4 /* Release */,
			);
			defaultConfigurationIsVisible = 0;
			defaultConfigurationName = Release;
		};
		90A1219922995EE700737DC4 /* Build configuration list for PBXNativeTarget "CodeGen" */ = {
			isa = XCConfigurationList;
			buildConfigurations = (
				90A1219A22995EE700737DC4 /* Debug */,
				90A1219B22995EE700737DC4 /* Release */,
			);
			defaultConfigurationIsVisible = 0;
			defaultConfigurationName = Release;
		};
/* End XCConfigurationList section */
	};
	rootObject = 90A1216822995D3800737DC4 /* Project object */;
}
